
Microsoft Visual Studio Solution File, Format Version 12.00
# Visual Studio 15
VisualStudioVersion = 15.0.27703.2026
MinimumVisualStudioVersion = 10.0.40219.1
Project("{9A19103F-16F7-4668-BE54-9A1E7A4F7556}") = "RepManagement.Models", "RepManagement.Models\RepManagement.Models.csproj", "{FD157FC7-D3BA-4E7A-B44A-B8661B1F3B59}"
EndProject
Project("{9A19103F-16F7-4668-BE54-9A1E7A4F7556}") = "RepManagement.Service", "RepManagement.Service\RepManagement.Service.csproj", "{F96EB863-AA4E-403E-8026-7C622B0F7924}"
EndProject
Project("{9A19103F-16F7-4668-BE54-9A1E7A4F7556}") = "RepManagement.TestDB", "RepManagement.TestDB\RepManagement.TestDB.csproj", "{8A1C1782-8A68-4569-9773-B4328FA09829}"
EndProject
Project("{FAE04EC0-301F-11D3-BF4B-00C04F79EFBC}") = "RepManagement.Web", "RepManagement.Web\RepManagement.Web.csproj", "{3DCCBEE4-530F-481D-85E8-EC679F421FE3}"
EndProject
Project("{FAE04EC0-301F-11D3-BF4B-00C04F79EFBC}") = "RepManagement.Common", "RepManagement.Common\RepManagement.Common.csproj", "{E4900CC8-4142-4575-82DA-AC062DC6D6BB}"
EndProject
Global
	GlobalSection(SolutionConfigurationPlatforms) = preSolution
		Debug|Any CPU = Debug|Any CPU
		Release|Any CPU = Release|Any CPU
	EndGlobalSection
	GlobalSection(ProjectConfigurationPlatforms) = postSolution
		{FD157FC7-D3BA-4E7A-B44A-B8661B1F3B59}.Debug|Any CPU.ActiveCfg = Debug|Any CPU
		{FD157FC7-D3BA-4E7A-B44A-B8661B1F3B59}.Debug|Any CPU.Build.0 = Debug|Any CPU
		{FD157FC7-D3BA-4E7A-B44A-B8661B1F3B59}.Release|Any CPU.ActiveCfg = Release|Any CPU
		{FD157FC7-D3BA-4E7A-B44A-B8661B1F3B59}.Release|Any CPU.Build.0 = Release|Any CPU
		{F96EB863-AA4E-403E-8026-7C622B0F7924}.Debug|Any CPU.ActiveCfg = Debug|Any CPU
		{F96EB863-AA4E-403E-8026-7C622B0F7924}.Debug|Any CPU.Build.0 = Debug|Any CPU
		{F96EB863-AA4E-403E-8026-7C622B0F7924}.Release|Any CPU.ActiveCfg = Release|Any CPU
		{F96EB863-AA4E-403E-8026-7C622B0F7924}.Release|Any CPU.Build.0 = Release|Any CPU
		{8A1C1782-8A68-4569-9773-B4328FA09829}.Debug|Any CPU.ActiveCfg = Debug|Any CPU
		{8A1C1782-8A68-4569-9773-B4328FA09829}.Debug|Any CPU.Build.0 = Debug|Any CPU
		{8A1C1782-8A68-4569-9773-B4328FA09829}.Release|Any CPU.ActiveCfg = Release|Any CPU
		{8A1C1782-8A68-4569-9773-B4328FA09829}.Release|Any CPU.Build.0 = Release|Any CPU
		{3DCCBEE4-530F-481D-85E8-EC679F421FE3}.Debug|Any CPU.ActiveCfg = Debug|Any CPU
		{3DCCBEE4-530F-481D-85E8-EC679F421FE3}.Debug|Any CPU.Build.0 = Debug|Any CPU
		{3DCCBEE4-530F-481D-85E8-EC679F421FE3}.Release|Any CPU.ActiveCfg = Release|Any CPU
		{3DCCBEE4-530F-481D-85E8-EC679F421FE3}.Release|Any CPU.Build.0 = Release|Any CPU
		{E4900CC8-4142-4575-82DA-AC062DC6D6BB}.Debug|Any CPU.ActiveCfg = Debug|Any CPU
		{E4900CC8-4142-4575-82DA-AC062DC6D6BB}.Debug|Any CPU.Build.0 = Debug|Any CPU
		{E4900CC8-4142-4575-82DA-AC062DC6D6BB}.Release|Any CPU.ActiveCfg = Release|Any CPU
		{E4900CC8-4142-4575-82DA-AC062DC6D6BB}.Release|Any CPU.Build.0 = Release|Any CPU
	EndGlobalSection
	GlobalSection(SolutionProperties) = preSolution
		HideSolutionNode = FALSE
	EndGlobalSection
	GlobalSection(ExtensibilityGlobals) = postSolution
		SolutionGuid = {457892B8-822A-42FF-8C6E-8BDE6C6DF970}
	EndGlobalSection
EndGlobal
